dependencies:
- name: builder
  repository: https://charts.teamhephy.com
  version: v2.13.0
- name: slugbuilder
  repository: https://charts.teamhephy.com
  version: v2.6.0
- name: dockerbuilder
  repository: https://charts.teamhephy.com
  version: v2.8.0
- name: controller
  repository: https://charts.teamhephy.com
  version: v2.19.0
- name: slugrunner
  repository: https://charts.teamhephy.com
  version: v2.5.0
- name: database
  repository: https://charts.teamhephy.com
  version: v2.6.0
- name: fluentd
  repository: https://charts.teamhephy.com
  version: v2.13.0
- name: redis
  repository: https://charts.teamhephy.com
  version: v2.3.0
- name: logger
  repository: https://charts.teamhephy.com
  version: v2.5.0
- name: minio
  repository: https://charts.teamhephy.com
  version: v2.4.1
- name: monitor
  repository: https://charts.teamhephy.com
  version: v2.11.0
- name: nsqd
  repository: https://charts.teamhephy.com
  version: v2.3.0
- name: registry
  repository: https://charts.teamhephy.com
  version: v2.5.0
- name: registry-proxy
  repository: https://charts.teamhephy.com
  version: v1.5.0
- name: registry-token-refresher
  repository: https://charts.teamhephy.com
  version: v1.2.0
- name: router
  repository: https://charts.teamhephy.com
  version: v2.14.0
- name: workflow-manager
  repository: https://charts.teamhephy.com
  version: v2.6.0
digest: sha256:d1934f18ed7067e74a1186be36e73a48cb6ce2b5be6f0b2ad313781e96674e9a
generated: 2018-06-29T17:06:39.640297557-04:00
